
Microsoft Visual Studio Solution File, Format Version 12.00
# Visual Studio Version 16
VisualStudioVersion = 16.0.29324.140
MinimumVisualStudioVersion = 10.0.40219.1
Project("{FAE04EC0-301F-11D3-BF4B-00C04F79EFBC}") = "CLU", "CLU\CLU.csproj", "{14217B49-03E3-444E-A603-84EC0867FD4B}"
EndProject
Project("{FAE04EC0-301F-11D3-BF4B-00C04F79EFBC}") = "CLU.Datos", "CLU.Datos\CLU.Datos.csproj", "{8BE98691-FE86-4A73-A6D2-886C5CA9E8F1}"
EndProject
Global
	GlobalSection(SolutionConfigurationPlatforms) = preSolution
		Debug|Any CPU = Debug|Any CPU
		Release|Any CPU = Release|Any CPU
	EndGlobalSection
	GlobalSection(ProjectConfigurationPlatforms) = postSolution
		{14217B49-03E3-444E-A603-84EC0867FD4B}.Debug|Any CPU.ActiveCfg = Debug|Any CPU
		{14217B49-03E3-444E-A603-84EC0867FD4B}.Debug|Any CPU.Build.0 = Debug|Any CPU
		{14217B49-03E3-444E-A603-84EC0867FD4B}.Release|Any CPU.ActiveCfg = Release|Any CPU
		{14217B49-03E3-444E-A603-84EC0867FD4B}.Release|Any CPU.Build.0 = Release|Any CPU
		{8BE98691-FE86-4A73-A6D2-886C5CA9E8F1}.Debug|Any CPU.ActiveCfg = Debug|Any CPU
		{8BE98691-FE86-4A73-A6D2-886C5CA9E8F1}.Debug|Any CPU.Build.0 = Debug|Any CPU
		{8BE98691-FE86-4A73-A6D2-886C5CA9E8F1}.Release|Any CPU.ActiveCfg = Release|Any CPU
		{8BE98691-FE86-4A73-A6D2-886C5CA9E8F1}.Release|Any CPU.Build.0 = Release|Any CPU
	EndGlobalSection
	GlobalSection(SolutionProperties) = preSolution
		HideSolutionNode = FALSE
	EndGlobalSection
	GlobalSection(ExtensibilityGlobals) = postSolution
		SolutionGuid = {9B235B1B-15DA-46F9-8AB0-B37414C9DDE3}
	EndGlobalSection
EndGlobal
